
Microsoft Visual Studio Solution File, Format Version 12.00
# Visual Studio 15
VisualStudioVersion = 15.0.28307.329
MinimumVisualStudioVersion = 10.0.40219.1
Project("{FAE04EC0-301F-11D3-BF4B-00C04F79EFBC}") = "NotKayıtSistemi", "NotKayıtSistemi\NotKayıtSistemi.csproj", "{613F41AD-1BAF-4F0B-A098-57D788327445}"
EndProject
Global
	GlobalSection(SolutionConfigurationPlatforms) = preSolution
		Debug|Any CPU = Debug|Any CPU
		Release|Any CPU = Release|Any CPU
	EndGlobalSection
	GlobalSection(ProjectConfigurationPlatforms) = postSolution
		{613F41AD-1BAF-4F0B-A098-57D788327445}.Debug|Any CPU.ActiveCfg = Debug|Any CPU
		{613F41AD-1BAF-4F0B-A098-57D788327445}.Debug|Any CPU.Build.0 = Debug|Any CPU
		{613F41AD-1BAF-4F0B-A098-57D788327445}.Release|Any CPU.ActiveCfg = Release|Any CPU
		{613F41AD-1BAF-4F0B-A098-57D788327445}.Release|Any CPU.Build.0 = Release|Any CPU
	EndGlobalSection
	GlobalSection(SolutionProperties) = preSolution
		HideSolutionNode = FALSE
	EndGlobalSection
	GlobalSection(ExtensibilityGlobals) = postSolution
		SolutionGuid = {83FEBA42-A3EB-4C62-A16A-F42AC8F4399F}
	EndGlobalSection
EndGlobal
